
Microsoft Visual Studio Solution File, Format Version 12.00
# Visual Studio Version 17
VisualStudioVersion = 17.4.33213.308
MinimumVisualStudioVersion = 10.0.40219.1
Project("{FAE04EC0-301F-11D3-BF4B-00C04F79EFBC}") = "LoanManagement.Web", "LoanManagement\LoanManagement.Web.csproj", "{66055960-7D32-48CE-B128-E077F38B84E1}"
EndProject
Project("{FAE04EC0-301F-11D3-BF4B-00C04F79EFBC}") = "LoanManagement.Web.Tests", "LoanManagement.Tests\LoanManagement.Web.Tests.csproj", "{0E447B31-207D-473B-A763-B64DAF0C0D7F}"
EndProject
Project("{FAE04EC0-301F-11D3-BF4B-00C04F79EFBC}") = "LoanManagement.DB", "LoanManagement.DB\LoanManagement.DB.csproj", "{03B7685F-E472-46F7-847D-0B63F19DDE69}"
EndProject
Project("{FAE04EC0-301F-11D3-BF4B-00C04F79EFBC}") = "LoanManagement.DB.Tests", "LoanManagement.DB.Tests\LoanManagement.DB.Tests.csproj", "{6A48ED23-566E-427F-942E-DF5A5135EAF9}"
EndProject
Project("{2150E333-8FDC-42A3-9474-1A3956D46DE8}") = "Solution Items", "Solution Items", "{EE40F18D-C87F-4160-AF0B-7594C0A6035D}"
	ProjectSection(SolutionItems) = preProject
		NextThemes.txt = NextThemes.txt
		ReadMe.md = ReadMe.md
		SomeQueries.txt = SomeQueries.txt
		References.txt = References.txt
	EndProjectSection
EndProject
Project("{FAE04EC0-301F-11D3-BF4B-00C04F79EFBC}") = "LoanManagement.Platform", "LoanManagement.Platform\LoanManagement.Platform.csproj", "{8E5D0944-0364-4EA0-A39C-078EC5FEFDE4}"
EndProject
Project("{FAE04EC0-301F-11D3-BF4B-00C04F79EFBC}") = "LoanManagement.WebSite", "LoanManagement.WebSite\LoanManagement.WebSite.csproj", "{7E8A2DD9-0E8B-4766-A888-5D10BA2E99C3}"
EndProject
Project("{FAE04EC0-301F-11D3-BF4B-00C04F79EFBC}") = "LoanManagement.WebSite.Tests", "LoanManagement.WebSite.Tests\LoanManagement.WebSite.Tests.csproj", "{CACF5597-5EA4-4CAB-B238-0DCB0EB81656}"
EndProject
Project("{00D1A9C2-B5F0-4AF3-8072-F6C62B433612}") = "LoanManagementDB", "LoanManagementDB\LoanManagementDB.sqlproj", "{72CC4F57-E769-4BE5-8042-1E6C5BA5D68D}"
EndProject
Project("{FAE04EC0-301F-11D3-BF4B-00C04F79EFBC}") = "LoanManagement.Web.UnitTests", "LoanManagement.Web.UnitTests\LoanManagement.Web.UnitTests.csproj", "{AF351B45-16F8-496D-BDF9-B43F0548AA05}"
EndProject
Project("{2150E333-8FDC-42A3-9474-1A3956D46DE8}") = "Tutorial", "Tutorial", "{48EF0DCC-E3FA-4B94-95E0-99E8E60DD97A}"
	ProjectSection(SolutionItems) = preProject
		Tutorial\ClientSideValidation.md = Tutorial\ClientSideValidation.md
		Tutorial\CustomerControllerDebug.png = Tutorial\CustomerControllerDebug.png
		Tutorial\CustomerControllerNoDebug.png = Tutorial\CustomerControllerNoDebug.png
		Tutorial\FormShowingValidationMessage.png = Tutorial\FormShowingValidationMessage.png
	EndProjectSection
EndProject
Global
	GlobalSection(SolutionConfigurationPlatforms) = preSolution
		Debug|Any CPU = Debug|Any CPU
		Release|Any CPU = Release|Any CPU
	EndGlobalSection
	GlobalSection(ProjectConfigurationPlatforms) = postSolution
		{66055960-7D32-48CE-B128-E077F38B84E1}.Debug|Any CPU.ActiveCfg = Debug|Any CPU
		{66055960-7D32-48CE-B128-E077F38B84E1}.Debug|Any CPU.Build.0 = Debug|Any CPU
		{66055960-7D32-48CE-B128-E077F38B84E1}.Release|Any CPU.ActiveCfg = Release|Any CPU
		{66055960-7D32-48CE-B128-E077F38B84E1}.Release|Any CPU.Build.0 = Release|Any CPU
		{0E447B31-207D-473B-A763-B64DAF0C0D7F}.Debug|Any CPU.ActiveCfg = Debug|Any CPU
		{0E447B31-207D-473B-A763-B64DAF0C0D7F}.Debug|Any CPU.Build.0 = Debug|Any CPU
		{0E447B31-207D-473B-A763-B64DAF0C0D7F}.Release|Any CPU.ActiveCfg = Release|Any CPU
		{0E447B31-207D-473B-A763-B64DAF0C0D7F}.Release|Any CPU.Build.0 = Release|Any CPU
		{03B7685F-E472-46F7-847D-0B63F19DDE69}.Debug|Any CPU.ActiveCfg = Debug|Any CPU
		{03B7685F-E472-46F7-847D-0B63F19DDE69}.Debug|Any CPU.Build.0 = Debug|Any CPU
		{03B7685F-E472-46F7-847D-0B63F19DDE69}.Release|Any CPU.ActiveCfg = Release|Any CPU
		{03B7685F-E472-46F7-847D-0B63F19DDE69}.Release|Any CPU.Build.0 = Release|Any CPU
		{6A48ED23-566E-427F-942E-DF5A5135EAF9}.Debug|Any CPU.ActiveCfg = Debug|Any CPU
		{6A48ED23-566E-427F-942E-DF5A5135EAF9}.Debug|Any CPU.Build.0 = Debug|Any CPU
		{6A48ED23-566E-427F-942E-DF5A5135EAF9}.Release|Any CPU.ActiveCfg = Release|Any CPU
		{6A48ED23-566E-427F-942E-DF5A5135EAF9}.Release|Any CPU.Build.0 = Release|Any CPU
		{8E5D0944-0364-4EA0-A39C-078EC5FEFDE4}.Debug|Any CPU.ActiveCfg = Debug|Any CPU
		{8E5D0944-0364-4EA0-A39C-078EC5FEFDE4}.Debug|Any CPU.Build.0 = Debug|Any CPU
		{8E5D0944-0364-4EA0-A39C-078EC5FEFDE4}.Release|Any CPU.ActiveCfg = Release|Any CPU
		{8E5D0944-0364-4EA0-A39C-078EC5FEFDE4}.Release|Any CPU.Build.0 = Release|Any CPU
		{7E8A2DD9-0E8B-4766-A888-5D10BA2E99C3}.Debug|Any CPU.ActiveCfg = Debug|Any CPU
		{7E8A2DD9-0E8B-4766-A888-5D10BA2E99C3}.Debug|Any CPU.Build.0 = Debug|Any CPU
		{7E8A2DD9-0E8B-4766-A888-5D10BA2E99C3}.Release|Any CPU.ActiveCfg = Release|Any CPU
		{7E8A2DD9-0E8B-4766-A888-5D10BA2E99C3}.Release|Any CPU.Build.0 = Release|Any CPU
		{CACF5597-5EA4-4CAB-B238-0DCB0EB81656}.Debug|Any CPU.ActiveCfg = Debug|Any CPU
		{CACF5597-5EA4-4CAB-B238-0DCB0EB81656}.Debug|Any CPU.Build.0 = Debug|Any CPU
		{CACF5597-5EA4-4CAB-B238-0DCB0EB81656}.Release|Any CPU.ActiveCfg = Release|Any CPU
		{CACF5597-5EA4-4CAB-B238-0DCB0EB81656}.Release|Any CPU.Build.0 = Release|Any CPU
		{72CC4F57-E769-4BE5-8042-1E6C5BA5D68D}.Debug|Any CPU.ActiveCfg = Debug|Any CPU
		{72CC4F57-E769-4BE5-8042-1E6C5BA5D68D}.Debug|Any CPU.Build.0 = Debug|Any CPU
		{72CC4F57-E769-4BE5-8042-1E6C5BA5D68D}.Debug|Any CPU.Deploy.0 = Debug|Any CPU
		{72CC4F57-E769-4BE5-8042-1E6C5BA5D68D}.Release|Any CPU.ActiveCfg = Release|Any CPU
		{72CC4F57-E769-4BE5-8042-1E6C5BA5D68D}.Release|Any CPU.Build.0 = Release|Any CPU
		{72CC4F57-E769-4BE5-8042-1E6C5BA5D68D}.Release|Any CPU.Deploy.0 = Release|Any CPU
		{AF351B45-16F8-496D-BDF9-B43F0548AA05}.Debug|Any CPU.ActiveCfg = Debug|Any CPU
		{AF351B45-16F8-496D-BDF9-B43F0548AA05}.Debug|Any CPU.Build.0 = Debug|Any CPU
		{AF351B45-16F8-496D-BDF9-B43F0548AA05}.Release|Any CPU.ActiveCfg = Release|Any CPU
		{AF351B45-16F8-496D-BDF9-B43F0548AA05}.Release|Any CPU.Build.0 = Release|Any CPU
	EndGlobalSection
	GlobalSection(SolutionProperties) = preSolution
		HideSolutionNode = FALSE
	EndGlobalSection
	GlobalSection(NestedProjects) = preSolution
		{48EF0DCC-E3FA-4B94-95E0-99E8E60DD97A} = {EE40F18D-C87F-4160-AF0B-7594C0A6035D}
	EndGlobalSection
	GlobalSection(ExtensibilityGlobals) = postSolution
		SolutionGuid = {22013050-8809-4A84-87E9-B77C0C794F03}
	EndGlobalSection
EndGlobal
